{
  "version": 4,
  "terraform_version": "1.9.8",
  "serial": 1,
  "lineage": "fde27eef-eda0-c32b-3198-2f10bf5b5a4e",
  "outputs": {},
  "resources": [
    {
      "mode": "data",
      "type": "spotify_search_track",
      "name": "Prakash",
      "provider": "provider[\"registry.terraform.io/conradludgate/spotify\"]",
      "instances": [
        {
          "schema_version": 0,
          "attributes": {
            "album": null,
            "artist": "G.V.Prakash",
            "explicit": true,
            "id": "1733854107",
            "limit": 10,
            "name": null,
            "tracks": [
              {
                "album": "0Wmaf5kSAnQ3hSn09w9BYR",
                "artists": [
                  "5VVN3xZw1i2qihfITZlvCZ",
                  "1QvyquqkuuwUzdszyoKIy4",
                  "1rdQOMFFtoskDXXUVjiGo9",
                  "3o7GGc9KjbLzTCwOq9WL55"
                ],
                "id": "1kmJ0EvXClJAt0fSSQLX1m",
                "name": "Hey Minnale (From \"Amaran\") (Tamil)"
              },
              {
                "album": "0cNKnE4ziC5VWLlJsPzjoH",
                "artists": [
                  "5VVN3xZw1i2qihfITZlvCZ",
                  "45dUPHFa2AoC4lqFTcPmiD",
                  "0wqiIwWvYsOAcZdtJLMFO8",
                  "25Pa1Vz1ZuTHmXPiYeMcgx"
                ],
                "id": "6l9Z2ssf0Uh773KeGsukSf",
                "name": "Uyirey (From \"Amaran\") (Tamil)"
              },
              {
                "album": "0czPRsN8uZZ5o3J8usUHbR",
                "artists": [
                  "5VVN3xZw1i2qihfITZlvCZ",
                  "2ae6PxICSOZHvjqiCcgon8",
                  "1BIAyVQxDuYrMqZ8H1Faja",
                  "4joteb3wCfZYGKjvF0XvLx"
                ],
                "id": "5DYfTyqUNBmOnQtljQjYk2",
                "name": "Ayyayo"
              },
              {
                "album": "2Y1L4ov5riEAOhF0FvKwCa",
                "artists": [
                  "6rEXjeIJ0wL6BFdo8CRcit",
                  "5VVN3xZw1i2qihfITZlvCZ"
                ],
                "id": "4Dd5XLOdAAmURIZSLThPvH",
                "name": "Pirai Thedum"
              },
              {
                "album": "13J2XQOZo0I8ZAufTXFvyd",
                "artists": [
                  "5VVN3xZw1i2qihfITZlvCZ"
                ],
                "id": "4QMZ6gwFTLk9qOhaQsGIxf",
                "name": "Neeve"
              },
              {
                "album": "120PLlSxNHGkpMThOP3dvU",
                "artists": [
                  "5VVN3xZw1i2qihfITZlvCZ",
                  "4svvMm4TQnkphZJfhLCzzv",
                  "6LWyVEIBnx7MoRBhQxu9om",
                  "4GISoVSxo2LkF5EyorXs9W"
                ],
                "id": "7peNClR7CbF9bDYCmOiy4L",
                "name": "Hey Rangule (From \"Amaran\") (Telugu)"
              },
              {
                "album": "7ldoqAb5KxFLw4fAKm8Tdp",
                "artists": [
                  "5VVN3xZw1i2qihfITZlvCZ",
                  "0nMjhemqRwrboQGcs92fh2",
                  "76Z6SMQPibr8qI24AhdvbJ",
                  "4kzSv6FtNOoY6s4VFD3L6e"
                ],
                "id": "4gmhBxZM8IdmGX85MnVtvf",
                "name": "Vennilavu Saaral (From \"Amaran\") (Tamil)"
              },
              {
                "album": "391E7jC3uToRpCTCrJn7LS",
                "artists": [
                  "5VVN3xZw1i2qihfITZlvCZ",
                  "6KjiNHnbm1CNrIN0z7wJtO",
                  "2GOvdhofeVQ9pVgHP4K4vo"
                ],
                "id": "35qzjEf7XtwRM7cjfgF55n",
                "name": "Minikki Minikki (From \"Thangalaan\") - Tamil"
              },
              {
                "album": "09Wjf3AwDGRQrKqddhqHKa",
                "artists": [
                  "5VVN3xZw1i2qihfITZlvCZ",
                  "7rVV9d6vc4FLT752uRuk71",
                  "2F3KtUVtrt2GLjcl6pB4cz",
                  "0nh5cRtt03SU6LhzhVC5fv"
                ],
                "id": "3dHP1GUSR19PB1baWz37LN",
                "name": "Golden Sparrow (From \"Nilavuku En Mel Ennadi Kobam\")"
              },
              {
                "album": "6ffYI02SEVQbb3qRgdpJGk",
                "artists": [
                  "5VVN3xZw1i2qihfITZlvCZ",
                  "03SZmfKAgYRQKUwy0EoJUa",
                  "41BeeC5hYqvtGkM79RYvN4",
                  "5yoqPvofOHrBc3Z6VZyTsj"
                ],
                "id": "7hMKAmUlUUYa5qEiHWK4bk",
                "name": "Pookkal Pookkum"
              }
            ],
            "year": null
          },
          "sensitive_attributes": []
        }
      ]
    },
    {
      "mode": "managed",
      "type": "spotify_playlist",
      "name": "buddy",
      "provider": "provider[\"registry.terraform.io/conradludgate/spotify\"]",
      "instances": [
        {
          "schema_version": 0,
          "attributes": {
            "description": null,
            "id": "6y4mBqqglIbMbPuWVi5yze",
            "name": "Buddy",
            "public": true,
            "snapshot_id": "AAAAAq6v97/vzoq55ODq2qd6P4NScff9",
            "tracks": [
              "1kmJ0EvXClJAt0fSSQLX1m",
              "6l9Z2ssf0Uh773KeGsukSf",
              "4Dd5XLOdAAmURIZSLThPvH",
              "4QMZ6gwFTLk9qOhaQsGIxf"
            ]
          },
          "sensitive_attributes": [],
          "private": "bnVsbA==",
          "dependencies": [
            "data.spotify_search_track.Prakash"
          ]
        }
      ]
    }
  ],
  "check_results": null
}
